
Microsoft Visual Studio Solution File, Format Version 12.00
Project("{FAE04EC0-301F-11D3-BF4B-00C04F79EFBC}") = "DungeonWorldBot", "src\DungeonWorldBot\DungeonWorldBot.csproj", "{87F8F15D-A705-4759-9857-556ABE94B4C4}"
EndProject
Project("{FAE04EC0-301F-11D3-BF4B-00C04F79EFBC}") = "DungeonWorldBot.Data", "src\DungeonWorldBot.Data\DungeonWorldBot.Data.csproj", "{CAA86172-DB8F-4FE9-A85F-A0D4F3EC751C}"
EndProject
Global
	GlobalSection(SolutionConfigurationPlatforms) = preSolution
		Debug|Any CPU = Debug|Any CPU
		Release|Any CPU = Release|Any CPU
	EndGlobalSection
	GlobalSection(ProjectConfigurationPlatforms) = postSolution
		{87F8F15D-A705-4759-9857-556ABE94B4C4}.Debug|Any CPU.ActiveCfg = Debug|Any CPU
		{87F8F15D-A705-4759-9857-556ABE94B4C4}.Debug|Any CPU.Build.0 = Debug|Any CPU
		{87F8F15D-A705-4759-9857-556ABE94B4C4}.Release|Any CPU.ActiveCfg = Release|Any CPU
		{87F8F15D-A705-4759-9857-556ABE94B4C4}.Release|Any CPU.Build.0 = Release|Any CPU
		{CAA86172-DB8F-4FE9-A85F-A0D4F3EC751C}.Debug|Any CPU.ActiveCfg = Debug|Any CPU
		{CAA86172-DB8F-4FE9-A85F-A0D4F3EC751C}.Debug|Any CPU.Build.0 = Debug|Any CPU
		{CAA86172-DB8F-4FE9-A85F-A0D4F3EC751C}.Release|Any CPU.ActiveCfg = Release|Any CPU
		{CAA86172-DB8F-4FE9-A85F-A0D4F3EC751C}.Release|Any CPU.Build.0 = Release|Any CPU
	EndGlobalSection
EndGlobal
